
Microsoft Visual Studio Solution File, Format Version 12.00
# Visual Studio 15
VisualStudioVersion = 15.0.28010.2041
MinimumVisualStudioVersion = 10.0.40219.1
Project("{FAE04EC0-301F-11D3-BF4B-00C04F79EFBC}") = "CarcarbeWebApp", "CarcarbeWebApp\CarcarbeWebApp.csproj", "{1F7515E7-EB3E-418C-AA50-168242EF5EE9}"
EndProject
Global
	GlobalSection(SolutionConfigurationPlatforms) = preSolution
		Debug|Any CPU = Debug|Any CPU
		Release|Any CPU = Release|Any CPU
	EndGlobalSection
	GlobalSection(ProjectConfigurationPlatforms) = postSolution
		{1F7515E7-EB3E-418C-AA50-168242EF5EE9}.Debug|Any CPU.ActiveCfg = Debug|Any CPU
		{1F7515E7-EB3E-418C-AA50-168242EF5EE9}.Debug|Any CPU.Build.0 = Debug|Any CPU
		{1F7515E7-EB3E-418C-AA50-168242EF5EE9}.Release|Any CPU.ActiveCfg = Release|Any CPU
		{1F7515E7-EB3E-418C-AA50-168242EF5EE9}.Release|Any CPU.Build.0 = Release|Any CPU
	EndGlobalSection
	GlobalSection(SolutionProperties) = preSolution
		HideSolutionNode = FALSE
	EndGlobalSection
	GlobalSection(ExtensibilityGlobals) = postSolution
		SolutionGuid = {E8B4793E-8A23-48E0-860E-BCBA6719EC87}
	EndGlobalSection
EndGlobal
